
Microsoft Visual Studio Solution File, Format Version 12.00
# Visual Studio 15
VisualStudioVersion = 15.0.27703.2026
MinimumVisualStudioVersion = 10.0.40219.1
Project("{FAE04EC0-301F-11D3-BF4B-00C04F79EFBC}") = "NoGcSockets", "NoGcSockets\NoGcSockets.csproj", "{822AC68E-35C3-4AAD-8F00-3BD0E445743F}"
EndProject
Project("{FAE04EC0-301F-11D3-BF4B-00C04F79EFBC}") = "NoGcSockets.Tests", "NoGcSockets.Tests\NoGcSockets.Tests.csproj", "{4E5C3781-1F62-4BB6-9363-DE1AFDC7E8EE}"
EndProject
Project("{FAE04EC0-301F-11D3-BF4B-00C04F79EFBC}") = "BBuffer", "..\BBuffer\BBuffer\BBuffer.csproj", "{11AA562B-3AB6-4CDD-A8A5-1EE4B95B03E6}"
EndProject
Global
	GlobalSection(SolutionConfigurationPlatforms) = preSolution
		Debug|Any CPU = Debug|Any CPU
		Release|Any CPU = Release|Any CPU
	EndGlobalSection
	GlobalSection(ProjectConfigurationPlatforms) = postSolution
		{822AC68E-35C3-4AAD-8F00-3BD0E445743F}.Debug|Any CPU.ActiveCfg = Debug|Any CPU
		{822AC68E-35C3-4AAD-8F00-3BD0E445743F}.Debug|Any CPU.Build.0 = Debug|Any CPU
		{822AC68E-35C3-4AAD-8F00-3BD0E445743F}.Release|Any CPU.ActiveCfg = Release|Any CPU
		{822AC68E-35C3-4AAD-8F00-3BD0E445743F}.Release|Any CPU.Build.0 = Release|Any CPU
		{4E5C3781-1F62-4BB6-9363-DE1AFDC7E8EE}.Debug|Any CPU.ActiveCfg = Debug|Any CPU
		{4E5C3781-1F62-4BB6-9363-DE1AFDC7E8EE}.Debug|Any CPU.Build.0 = Debug|Any CPU
		{4E5C3781-1F62-4BB6-9363-DE1AFDC7E8EE}.Release|Any CPU.ActiveCfg = Release|Any CPU
		{4E5C3781-1F62-4BB6-9363-DE1AFDC7E8EE}.Release|Any CPU.Build.0 = Release|Any CPU
		{11AA562B-3AB6-4CDD-A8A5-1EE4B95B03E6}.Debug|Any CPU.ActiveCfg = Debug|Any CPU
		{11AA562B-3AB6-4CDD-A8A5-1EE4B95B03E6}.Debug|Any CPU.Build.0 = Debug|Any CPU
		{11AA562B-3AB6-4CDD-A8A5-1EE4B95B03E6}.Release|Any CPU.ActiveCfg = Release|Any CPU
		{11AA562B-3AB6-4CDD-A8A5-1EE4B95B03E6}.Release|Any CPU.Build.0 = Release|Any CPU
	EndGlobalSection
	GlobalSection(SolutionProperties) = preSolution
		HideSolutionNode = FALSE
	EndGlobalSection
	GlobalSection(ExtensibilityGlobals) = postSolution
		SolutionGuid = {25735916-AC81-427F-860A-1E490D0DDF92}
	EndGlobalSection
EndGlobal
